// !$*UTF8*$!
{
	archiveVersion = 1;
	classes = {
	};
	objectVersion = 55;
	objects = {

/* Begin PBXBuildFile section */
		6B6576C6277C9BB400C9EB93 /* AppDelegate.swift in Sources */ = {isa = PBXBuildFile; fileRef = 6B6576C5277C9BB400C9EB93 /* AppDelegate.swift */; };
		6B6576C8277C9BB400C9EB93 /* SceneDelegate.swift in Sources */ = {isa = PBXBuildFile; fileRef = 6B6576C7277C9BB400C9EB93 /* SceneDelegate.swift */; };
		6B6576CA277C9BB400C9EB93 /* ReviewListViewController.swift in Sources */ = {isa = PBXBuildFile; fileRef = 6B6576C9277C9BB400C9EB93 /* ReviewListViewController.swift */; };
		6B6576CF277C9BB600C9EB93 /* Assets.xcassets in Resources */ = {isa = PBXBuildFile; fileRef = 6B6576CE277C9BB600C9EB93 /* Assets.xcassets */; };
		6B6576D2277C9BB600C9EB93 /* LaunchScreen.storyboard in Resources */ = {isa = PBXBuildFile; fileRef = 6B6576D0277C9BB600C9EB93 /* LaunchScreen.storyboard */; };
		6B6576DD277C9BB600C9EB93 /* BookReviewTests.swift in Sources */ = {isa = PBXBuildFile; fileRef = 6B6576DC277C9BB600C9EB93 /* BookReviewTests.swift */; };
		6B6576E7277C9BB600C9EB93 /* BookReviewUITests.swift in Sources */ = {isa = PBXBuildFile; fileRef = 6B6576E6277C9BB600C9EB93 /* BookReviewUITests.swift */; };
		6B6576E9277C9BB600C9EB93 /* BookReviewUITestsLaunchTests.swift in Sources */ = {isa = PBXBuildFile; fileRef = 6B6576E8277C9BB600C9EB93 /* BookReviewUITestsLaunchTests.swift */; };
		6B6576F7277C9BF400C9EB93 /* SnapKit in Frameworks */ = {isa = PBXBuildFile; productRef = 6B6576F6277C9BF400C9EB93 /* SnapKit */; };
		6B6576FA277C9BFE00C9EB93 /* Alamofire in Frameworks */ = {isa = PBXBuildFile; productRef = 6B6576F9277C9BFE00C9EB93 /* Alamofire */; };
		6B6576FD277C9C0A00C9EB93 /* Kingfisher in Frameworks */ = {isa = PBXBuildFile; productRef = 6B6576FC277C9C0A00C9EB93 /* Kingfisher */; };
		6B6576FF277CC35400C9EB93 /* ReviewListPresenter.swift in Sources */ = {isa = PBXBuildFile; fileRef = 6B6576FE277CC35400C9EB93 /* ReviewListPresenter.swift */; };
		6B657703277CCAA700C9EB93 /* ReviewWriteViewController.swift in Sources */ = {isa = PBXBuildFile; fileRef = 6B657702277CCAA700C9EB93 /* ReviewWriteViewController.swift */; };
		6B657705277CCAB200C9EB93 /* ReviewWritePresenter.swift in Sources */ = {isa = PBXBuildFile; fileRef = 6B657704277CCAB200C9EB93 /* ReviewWritePresenter.swift */; };
		6B657708277CDF7A00C9EB93 /* SearchBookViewController.swift in Sources */ = {isa = PBXBuildFile; fileRef = 6B657707277CDF7A00C9EB93 /* SearchBookViewController.swift */; };
		6B65770A277CDF9400C9EB93 /* SearchBookPresenter.swift in Sources */ = {isa = PBXBuildFile; fileRef = 6B657709277CDF9400C9EB93 /* SearchBookPresenter.swift */; };
/* End PBXBuildFile section */

/* Begin PBXContainerItemProxy section */
		6B6576D9277C9BB600C9EB93 /* PBXContainerItemProxy */ = {
			isa = PBXContainerItemProxy;
			containerPortal = 6B6576BA277C9BB400C9EB93 /* Project object */;
			proxyType = 1;
			remoteGlobalIDString = 6B6576C1277C9BB400C9EB93;
			remoteInfo = BookReview;
		};
		6B6576E3277C9BB600C9EB93 /* PBXContainerItemProxy */ = {
			isa = PBXContainerItemProxy;
			containerPortal = 6B6576BA277C9BB400C9EB93 /* Project object */;
			proxyType = 1;
			remoteGlobalIDString = 6B6576C1277C9BB400C9EB93;
			remoteInfo = BookReview;
		};
/* End PBXContainerItemProxy section */

/* Begin PBXFileReference section */
		6B6576C2277C9BB400C9EB93 /* BookReview.app */ = {isa = PBXFileReference; explicitFileType = wrapper.application; includeInIndex = 0; path = BookReview.app; sourceTree = BUILT_PRODUCTS_DIR; };
		6B6576C5277C9BB400C9EB93 /* AppDelegate.swift */ = {isa = PBXFileReference; lastKnownFileType = sourcecode.swift; path = AppDelegate.swift; sourceTree = "<group>"; };
		6B6576C7277C9BB400C9EB93 /* SceneDelegate.swift */ = {isa = PBXFileReference; lastKnownFileType = sourcecode.swift; path = SceneDelegate.swift; sourceTree = "<group>"; };
		6B6576C9277C9BB400C9EB93 /* ReviewListViewController.swift */ = {isa = PBXFileReference; lastKnownFileType = sourcecode.swift; path = ReviewListViewController.swift; sourceTree = "<group>"; };
		6B6576CE277C9BB600C9EB93 /* Assets.xcassets */ = {isa = PBXFileReference; lastKnownFileType = folder.assetcatalog; path = Assets.xcassets; sourceTree = "<group>"; };
		6B6576D1277C9BB600C9EB93 /* Base */ = {isa = PBXFileReference; lastKnownFileType = file.storyboard; name = Base; path = Base.lproj/LaunchScreen.storyboard; sourceTree = "<group>"; };
		6B6576D3277C9BB600C9EB93 /* Info.plist */ = {isa = PBXFileReference; lastKnownFileType = text.plist.xml; path = Info.plist; sourceTree = "<group>"; };
		6B6576D8277C9BB600C9EB93 /* BookReviewTests.xctest */ = {isa = PBXFileReference; explicitFileType = wrapper.cfbundle; includeInIndex = 0; path = BookReviewTests.xctest; sourceTree = BUILT_PRODUCTS_DIR; };
		6B6576DC277C9BB600C9EB93 /* BookReviewTests.swift */ = {isa = PBXFileReference; lastKnownFileType = sourcecode.swift; path = BookReviewTests.swift; sourceTree = "<group>"; };
		6B6576E2277C9BB600C9EB93 /* BookReviewUITests.xctest */ = {isa = PBXFileReference; explicitFileType = wrapper.cfbundle; includeInIndex = 0; path = BookReviewUITests.xctest; sourceTree = BUILT_PRODUCTS_DIR; };
		6B6576E6277C9BB600C9EB93 /* BookReviewUITests.swift */ = {isa = PBXFileReference; lastKnownFileType = sourcecode.swift; path = BookReviewUITests.swift; sourceTree = "<group>"; };
		6B6576E8277C9BB600C9EB93 /* BookReviewUITestsLaunchTests.swift */ = {isa = PBXFileReference; lastKnownFileType = sourcecode.swift; path = BookReviewUITestsLaunchTests.swift; sourceTree = "<group>"; };
		6B6576FE277CC35400C9EB93 /* ReviewListPresenter.swift */ = {isa = PBXFileReference; lastKnownFileType = sourcecode.swift; path = ReviewListPresenter.swift; sourceTree = "<group>"; };
		6B657702277CCAA700C9EB93 /* ReviewWriteViewController.swift */ = {isa = PBXFileReference; lastKnownFileType = sourcecode.swift; path = ReviewWriteViewController.swift; sourceTree = "<group>"; };
		6B657704277CCAB200C9EB93 /* ReviewWritePresenter.swift */ = {isa = PBXFileReference; lastKnownFileType = sourcecode.swift; path = ReviewWritePresenter.swift; sourceTree = "<group>"; };
		6B657707277CDF7A00C9EB93 /* SearchBookViewController.swift */ = {isa = PBXFileReference; lastKnownFileType = sourcecode.swift; path = SearchBookViewController.swift; sourceTree = "<group>"; };
		6B657709277CDF9400C9EB93 /* SearchBookPresenter.swift */ = {isa = PBXFileReference; lastKnownFileType = sourcecode.swift; path = SearchBookPresenter.swift; sourceTree = "<group>"; };
/* End PBXFileReference section */

/* Begin PBXFrameworksBuildPhase section */
		6B6576BF277C9BB400C9EB93 /* Frameworks */ = {
			isa = PBXFrameworksBuildPhase;
			buildActionMask = 2147483647;
			files = (
				6B6576FD277C9C0A00C9EB93 /* Kingfisher in Frameworks */,
				6B6576F7277C9BF400C9EB93 /* SnapKit in Frameworks */,
				6B6576FA277C9BFE00C9EB93 /* Alamofire in Frameworks */,
			);
			runOnlyForDeploymentPostprocessing = 0;
		};
		6B6576D5277C9BB600C9EB93 /* Frameworks */ = {
			isa = PBXFrameworksBuildPhase;
			buildActionMask = 2147483647;
			files = (
			);
			runOnlyForDeploymentPostprocessing = 0;
		};
		6B6576DF277C9BB600C9EB93 /* Frameworks */ = {
			isa = PBXFrameworksBuildPhase;
			buildActionMask = 2147483647;
			files = (
			);
			runOnlyForDeploymentPostprocessing = 0;
		};
/* End PBXFrameworksBuildPhase section */

/* Begin PBXGroup section */
		6B6576B9277C9BB400C9EB93 = {
			isa = PBXGroup;
			children = (
				6B6576C4277C9BB400C9EB93 /* BookReview */,
				6B6576DB277C9BB600C9EB93 /* BookReviewTests */,
				6B6576E5277C9BB600C9EB93 /* BookReviewUITests */,
				6B6576C3277C9BB400C9EB93 /* Products */,
			);
			sourceTree = "<group>";
		};
		6B6576C3277C9BB400C9EB93 /* Products */ = {
			isa = PBXGroup;
			children = (
				6B6576C2277C9BB400C9EB93 /* BookReview.app */,
				6B6576D8277C9BB600C9EB93 /* BookReviewTests.xctest */,
				6B6576E2277C9BB600C9EB93 /* BookReviewUITests.xctest */,
			);
			name = Products;
			sourceTree = "<group>";
		};
		6B6576C4277C9BB400C9EB93 /* BookReview */ = {
			isa = PBXGroup;
			children = (
				6B6576C5277C9BB400C9EB93 /* AppDelegate.swift */,
				6B6576C7277C9BB400C9EB93 /* SceneDelegate.swift */,
				6B657701277CC36100C9EB93 /* Scene */,
				6B6576CE277C9BB600C9EB93 /* Assets.xcassets */,
				6B6576D0277C9BB600C9EB93 /* LaunchScreen.storyboard */,
				6B6576D3277C9BB600C9EB93 /* Info.plist */,
			);
			path = BookReview;
			sourceTree = "<group>";
		};
		6B6576DB277C9BB600C9EB93 /* BookReviewTests */ = {
			isa = PBXGroup;
			children = (
				6B6576DC277C9BB600C9EB93 /* BookReviewTests.swift */,
			);
			path = BookReviewTests;
			sourceTree = "<group>";
		};
		6B6576E5277C9BB600C9EB93 /* BookReviewUITests */ = {
			isa = PBXGroup;
			children = (
				6B6576E6277C9BB600C9EB93 /* BookReviewUITests.swift */,
				6B6576E8277C9BB600C9EB93 /* BookReviewUITestsLaunchTests.swift */,
			);
			path = BookReviewUITests;
			sourceTree = "<group>";
		};
		6B657700277CC35800C9EB93 /* ReviewList */ = {
			isa = PBXGroup;
			children = (
				6B6576C9277C9BB400C9EB93 /* ReviewListViewController.swift */,
				6B6576FE277CC35400C9EB93 /* ReviewListPresenter.swift */,
			);
			path = ReviewList;
			sourceTree = "<group>";
		};
		6B657701277CC36100C9EB93 /* Scene */ = {
			isa = PBXGroup;
			children = (
				6B65770B277CE14900C9EB93 /* SearchBook */,
				6B657700277CC35800C9EB93 /* ReviewList */,
				6B657706277CCABD00C9EB93 /* ReviewWrite */,
			);
			path = Scene;
			sourceTree = "<group>";
		};
		6B657706277CCABD00C9EB93 /* ReviewWrite */ = {
			isa = PBXGroup;
			children = (
				6B657702277CCAA700C9EB93 /* ReviewWriteViewController.swift */,
				6B657704277CCAB200C9EB93 /* ReviewWritePresenter.swift */,
			);
			path = ReviewWrite;
			sourceTree = "<group>";
		};
		6B65770B277CE14900C9EB93 /* SearchBook */ = {
			isa = PBXGroup;
			children = (
				6B657707277CDF7A00C9EB93 /* SearchBookViewController.swift */,
				6B657709277CDF9400C9EB93 /* SearchBookPresenter.swift */,
			);
			path = SearchBook;
			sourceTree = "<group>";
		};
/* End PBXGroup section */

/* Begin PBXNativeTarget section */
		6B6576C1277C9BB400C9EB93 /* BookReview */ = {
			isa = PBXNativeTarget;
			buildConfigurationList = 6B6576EC277C9BB600C9EB93 /* Build configuration list for PBXNativeTarget "BookReview" */;
			buildPhases = (
				6B6576BE277C9BB400C9EB93 /* Sources */,
				6B6576BF277C9BB400C9EB93 /* Frameworks */,
				6B6576C0277C9BB400C9EB93 /* Resources */,
			);
			buildRules = (
			);
			dependencies = (
			);
			name = BookReview;
			packageProductDependencies = (
				6B6576F6277C9BF400C9EB93 /* SnapKit */,
				6B6576F9277C9BFE00C9EB93 /* Alamofire */,
				6B6576FC277C9C0A00C9EB93 /* Kingfisher */,
			);
			productName = BookReview;
			productReference = 6B6576C2277C9BB400C9EB93 /* BookReview.app */;
			productType = "com.apple.product-type.application";
		};
		6B6576D7277C9BB600C9EB93 /* BookReviewTests */ = {
			isa = PBXNativeTarget;
			buildConfigurationList = 6B6576EF277C9BB600C9EB93 /* Build configuration list for PBXNativeTarget "BookReviewTests" */;
			buildPhases = (
				6B6576D4277C9BB600C9EB93 /* Sources */,
				6B6576D5277C9BB600C9EB93 /* Frameworks */,
				6B6576D6277C9BB600C9EB93 /* Resources */,
			);
			buildRules = (
			);
			dependencies = (
				6B6576DA277C9BB600C9EB93 /* PBXTargetDependency */,
			);
			name = BookReviewTests;
			productName = BookReviewTests;
			productReference = 6B6576D8277C9BB600C9EB93 /* BookReviewTests.xctest */;
			productType = "com.apple.product-type.bundle.unit-test";
		};
		6B6576E1277C9BB600C9EB93 /* BookReviewUITests */ = {
			isa = PBXNativeTarget;
			buildConfigurationList = 6B6576F2277C9BB600C9EB93 /* Build configuration list for PBXNativeTarget "BookReviewUITests" */;
			buildPhases = (
				6B6576DE277C9BB600C9EB93 /* Sources */,
				6B6576DF277C9BB600C9EB93 /* Frameworks */,
				6B6576E0277C9BB600C9EB93 /* Resources */,
			);
			buildRules = (
			);
			dependencies = (
				6B6576E4277C9BB600C9EB93 /* PBXTargetDependency */,
			);
			name = BookReviewUITests;
			productName = BookReviewUITests;
			productReference = 6B6576E2277C9BB600C9EB93 /* BookReviewUITests.xctest */;
			productType = "com.apple.product-type.bundle.ui-testing";
		};
/* End PBXNativeTarget section */

/* Begin PBXProject section */
		6B6576BA277C9BB400C9EB93 /* Project object */ = {
			isa = PBXProject;
			attributes = {
				BuildIndependentTargetsInParallel = 1;
				LastSwiftUpdateCheck = 1320;
				LastUpgradeCheck = 1320;
				TargetAttributes = {
					6B6576C1277C9BB400C9EB93 = {
						CreatedOnToolsVersion = 13.2;
					};
					6B6576D7277C9BB600C9EB93 = {
						CreatedOnToolsVersion = 13.2;
						TestTargetID = 6B6576C1277C9BB400C9EB93;
					};
					6B6576E1277C9BB600C9EB93 = {
						CreatedOnToolsVersion = 13.2;
						TestTargetID = 6B6576C1277C9BB400C9EB93;
					};
				};
			};
			buildConfigurationList = 6B6576BD277C9BB400C9EB93 /* Build configuration list for PBXProject "BookReview" */;
			compatibilityVersion = "Xcode 13.0";
			developmentRegion = en;
			hasScannedForEncodings = 0;
			knownRegions = (
				en,
				Base,
			);
			mainGroup = 6B6576B9277C9BB400C9EB93;
			packageReferences = (
				6B6576F5277C9BF400C9EB93 /* XCRemoteSwiftPackageReference "SnapKit" */,
				6B6576F8277C9BFE00C9EB93 /* XCRemoteSwiftPackageReference "Alamofire" */,
				6B6576FB277C9C0A00C9EB93 /* XCRemoteSwiftPackageReference "Kingfisher" */,
			);
			productRefGroup = 6B6576C3277C9BB400C9EB93 /* Products */;
			projectDirPath = "";
			projectRoot = "";
			targets = (
				6B6576C1277C9BB400C9EB93 /* BookReview */,
				6B6576D7277C9BB600C9EB93 /* BookReviewTests */,
				6B6576E1277C9BB600C9EB93 /* BookReviewUITests */,
			);
		};
/* End PBXProject section */

/* Begin PBXResourcesBuildPhase section */
		6B6576C0277C9BB400C9EB93 /* Resources */ = {
			isa = PBXResourcesBuildPhase;
			buildActionMask = 2147483647;
			files = (
				6B6576D2277C9BB600C9EB93 /* LaunchScreen.storyboard in Resources */,
				6B6576CF277C9BB600C9EB93 /* Assets.xcassets in Resources */,
			);
			runOnlyForDeploymentPostprocessing = 0;
		};
		6B6576D6277C9BB600C9EB93 /* Resources */ = {
			isa = PBXResourcesBuildPhase;
			buildActionMask = 2147483647;
			files = (
			);
			runOnlyForDeploymentPostprocessing = 0;
		};
		6B6576E0277C9BB600C9EB93 /* Resources */ = {
			isa = PBXResourcesBuildPhase;
			buildActionMask = 2147483647;
			files = (
			);
			runOnlyForDeploymentPostprocessing = 0;
		};
/* End PBXResourcesBuildPhase section */

/* Begin PBXSourcesBuildPhase section */
		6B6576BE277C9BB400C9EB93 /* Sources */ = {
			isa = PBXSourcesBuildPhase;
			buildActionMask = 2147483647;
			files = (
				6B657705277CCAB200C9EB93 /* ReviewWritePresenter.swift in Sources */,
				6B6576CA277C9BB400C9EB93 /* ReviewListViewController.swift in Sources */,
				6B6576C6277C9BB400C9EB93 /* AppDelegate.swift in Sources */,
				6B657708277CDF7A00C9EB93 /* SearchBookViewController.swift in Sources */,
				6B657703277CCAA700C9EB93 /* ReviewWriteViewController.swift in Sources */,
				6B65770A277CDF9400C9EB93 /* SearchBookPresenter.swift in Sources */,
				6B6576FF277CC35400C9EB93 /* ReviewListPresenter.swift in Sources */,
				6B6576C8277C9BB400C9EB93 /* SceneDelegate.swift in Sources */,
			);
			runOnlyForDeploymentPostprocessing = 0;
		};
		6B6576D4277C9BB600C9EB93 /* Sources */ = {
			isa = PBXSourcesBuildPhase;
			buildActionMask = 2147483647;
			files = (
				6B6576DD277C9BB600C9EB93 /* BookReviewTests.swift in Sources */,
			);
			runOnlyForDeploymentPostprocessing = 0;
		};
		6B6576DE277C9BB600C9EB93 /* Sources */ = {
			isa = PBXSourcesBuildPhase;
			buildActionMask = 2147483647;
			files = (
				6B6576E7277C9BB600C9EB93 /* BookReviewUITests.swift in Sources */,
				6B6576E9277C9BB600C9EB93 /* BookReviewUITestsLaunchTests.swift in Sources */,
			);
			runOnlyForDeploymentPostprocessing = 0;
		};
/* End PBXSourcesBuildPhase section */

/* Begin PBXTargetDependency section */
		6B6576DA277C9BB600C9EB93 /* PBXTargetDependency */ = {
			isa = PBXTargetDependency;
			target = 6B6576C1277C9BB400C9EB93 /* BookReview */;
			targetProxy = 6B6576D9277C9BB600C9EB93 /* PBXContainerItemProxy */;
		};
		6B6576E4277C9BB600C9EB93 /* PBXTargetDependency */ = {
			isa = PBXTargetDependency;
			target = 6B6576C1277C9BB400C9EB93 /* BookReview */;
			targetProxy = 6B6576E3277C9BB600C9EB93 /* PBXContainerItemProxy */;
		};
/* End PBXTargetDependency section */

/* Begin PBXVariantGroup section */
		6B6576D0277C9BB600C9EB93 /* LaunchScreen.storyboard */ = {
			isa = PBXVariantGroup;
			children = (
				6B6576D1277C9BB600C9EB93 /* Base */,
			);
			name = LaunchScreen.storyboard;
			sourceTree = "<group>";
		};
/* End PBXVariantGroup section */

/* Begin XCBuildConfiguration section */
		6B6576EA277C9BB600C9EB93 /* Debug */ = {
			isa = XCBuildConfiguration;
			buildSettings = {
				ALWAYS_SEARCH_USER_PATHS = NO;
				CLANG_ANALYZER_NONNULL = YES;
				CLANG_ANALYZER_NUMBER_OBJECT_CONVERSION = YES_AGGRESSIVE;
				CLANG_CXX_LANGUAGE_STANDARD = "gnu++17";
				CLANG_CXX_LIBRARY = "libc++";
				CLANG_ENABLE_MODULES = YES;
				CLANG_ENABLE_OBJC_ARC = YES;
				CLANG_ENABLE_OBJC_WEAK = YES;
				CLANG_WARN_BLOCK_CAPTURE_AUTORELEASING = YES;
				CLANG_WARN_BOOL_CONVERSION = YES;
				CLANG_WARN_COMMA = YES;
				CLANG_WARN_CONSTANT_CONVERSION = YES;
				CLANG_WARN_DEPRECATED_OBJC_IMPLEMENTATIONS = YES;
				CLANG_WARN_DIRECT_OBJC_ISA_USAGE = YES_ERROR;
				CLANG_WARN_DOCUMENTATION_COMMENTS = YES;
				CLANG_WARN_EMPTY_BODY = YES;
				CLANG_WARN_ENUM_CONVERSION = YES;
				CLANG_WARN_INFINITE_RECURSION = YES;
				CLANG_WARN_INT_CONVERSION = YES;
				CLANG_WARN_NON_LITERAL_NULL_CONVERSION = YES;
				CLANG_WARN_OBJC_IMPLICIT_RETAIN_SELF = YES;
				CLANG_WARN_OBJC_LITERAL_CONVERSION = YES;
				CLANG_WARN_OBJC_ROOT_CLASS = YES_ERROR;
				CLANG_WARN_QUOTED_INCLUDE_IN_FRAMEWORK_HEADER = YES;
				CLANG_WARN_RANGE_LOOP_ANALYSIS = YES;
				CLANG_WARN_STRICT_PROTOTYPES = YES;
				CLANG_WARN_SUSPICIOUS_MOVE = YES;
				CLANG_WARN_UNGUARDED_AVAILABILITY = YES_AGGRESSIVE;
				CLANG_WARN_UNREACHABLE_CODE = YES;
				CLANG_WARN__DUPLICATE_METHOD_MATCH = YES;
				COPY_PHASE_STRIP = NO;
				DEBUG_INFORMATION_FORMAT = dwarf;
				ENABLE_STRICT_OBJC_MSGSEND = YES;
				ENABLE_TESTABILITY = YES;
				GCC_C_LANGUAGE_STANDARD = gnu11;
				GCC_DYNAMIC_NO_PIC = NO;
				GCC_NO_COMMON_BLOCKS = YES;
				GCC_OPTIMIZATION_LEVEL = 0;
				GCC_PREPROCESSOR_DEFINITIONS = (
					"DEBUG=1",
					"$(inherited)",
				);
				GCC_WARN_64_TO_32_BIT_CONVERSION = YES;
				GCC_WARN_ABOUT_RETURN_TYPE = YES_ERROR;
				GCC_WARN_UNDECLARED_SELECTOR = YES;
				GCC_WARN_UNINITIALIZED_AUTOS = YES_AGGRESSIVE;
				GCC_WARN_UNUSED_FUNCTION = YES;
				GCC_WARN_UNUSED_VARIABLE = YES;
				IPHONEOS_DEPLOYMENT_TARGET = 15.2;
				MTL_ENABLE_DEBUG_INFO = INCLUDE_SOURCE;
				MTL_FAST_MATH = YES;
				ONLY_ACTIVE_ARCH = YES;
				SDKROOT = iphoneos;
				SWIFT_ACTIVE_COMPILATION_CONDITIONS = DEBUG;
				SWIFT_OPTIMIZATION_LEVEL = "-Onone";
			};
			name = Debug;
		};
		6B6576EB277C9BB600C9EB93 /* Release */ = {
			isa = XCBuildConfiguration;
			buildSettings = {
				ALWAYS_SEARCH_USER_PATHS = NO;
				CLANG_ANALYZER_NONNULL = YES;
				CLANG_ANALYZER_NUMBER_OBJECT_CONVERSION = YES_AGGRESSIVE;
				CLANG_CXX_LANGUAGE_STANDARD = "gnu++17";
				CLANG_CXX_LIBRARY = "libc++";
				CLANG_ENABLE_MODULES = YES;
				CLANG_ENABLE_OBJC_ARC = YES;
				CLANG_ENABLE_OBJC_WEAK = YES;
				CLANG_WARN_BLOCK_CAPTURE_AUTORELEASING = YES;
				CLANG_WARN_BOOL_CONVERSION = YES;
				CLANG_WARN_COMMA = YES;
				CLANG_WARN_CONSTANT_CONVERSION = YES;
				CLANG_WARN_DEPRECATED_OBJC_IMPLEMENTATIONS = YES;
				CLANG_WARN_DIRECT_OBJC_ISA_USAGE = YES_ERROR;
				CLANG_WARN_DOCUMENTATION_COMMENTS = YES;
				CLANG_WARN_EMPTY_BODY = YES;
				CLANG_WARN_ENUM_CONVERSION = YES;
				CLANG_WARN_INFINITE_RECURSION = YES;
				CLANG_WARN_INT_CONVERSION = YES;
				CLANG_WARN_NON_LITERAL_NULL_CONVERSION = YES;
				CLANG_WARN_OBJC_IMPLICIT_RETAIN_SELF = YES;
				CLANG_WARN_OBJC_LITERAL_CONVERSION = YES;
				CLANG_WARN_OBJC_ROOT_CLASS = YES_ERROR;
				CLANG_WARN_QUOTED_INCLUDE_IN_FRAMEWORK_HEADER = YES;
				CLANG_WARN_RANGE_LOOP_ANALYSIS = YES;
				CLANG_WARN_STRICT_PROTOTYPES = YES;
				CLANG_WARN_SUSPICIOUS_MOVE = YES;
				CLANG_WARN_UNGUARDED_AVAILABILITY = YES_AGGRESSIVE;
				CLANG_WARN_UNREACHABLE_CODE = YES;
				CLANG_WARN__DUPLICATE_METHOD_MATCH = YES;
				COPY_PHASE_STRIP = NO;
				DEBUG_INFORMATION_FORMAT = "dwarf-with-dsym";
				ENABLE_NS_ASSERTIONS = NO;
				ENABLE_STRICT_OBJC_MSGSEND = YES;
				GCC_C_LANGUAGE_STANDARD = gnu11;
				GCC_NO_COMMON_BLOCKS = YES;
				GCC_WARN_64_TO_32_BIT_CONVERSION = YES;
				GCC_WARN_ABOUT_RETURN_TYPE = YES_ERROR;
				GCC_WARN_UNDECLARED_SELECTOR = YES;
				GCC_WARN_UNINITIALIZED_AUTOS = YES_AGGRESSIVE;
				GCC_WARN_UNUSED_FUNCTION = YES;
				GCC_WARN_UNUSED_VARIABLE = YES;
				IPHONEOS_DEPLOYMENT_TARGET = 15.2;
				MTL_ENABLE_DEBUG_INFO = NO;
				MTL_FAST_MATH = YES;
				SDKROOT = iphoneos;
				SWIFT_COMPILATION_MODE = wholemodule;
				SWIFT_OPTIMIZATION_LEVEL = "-O";
				VALIDATE_PRODUCT = YES;
			};
			name = Release;
		};
		6B6576ED277C9BB600C9EB93 /* Debug */ = {
			isa = XCBuildConfiguration;
			buildSettings = {
				ASSETCATALOG_COMPILER_APPICON_NAME = AppIcon;
				ASSETCATALOG_COMPILER_GLOBAL_ACCENT_COLOR_NAME = AccentColor;
				CODE_SIGN_STYLE = Automatic;
				CURRENT_PROJECT_VERSION = 1;
				DEVELOPMENT_TEAM = 2AW97C2N86;
				GENERATE_INFOPLIST_FILE = YES;
				INFOPLIST_FILE = BookReview/Info.plist;
				INFOPLIST_KEY_UIApplicationSupportsIndirectInputEvents = YES;
				INFOPLIST_KEY_UILaunchStoryboardName = LaunchScreen;
				INFOPLIST_KEY_UISupportedInterfaceOrientations_iPad = "UIInterfaceOrientationPortrait UIInterfaceOrientationPortraitUpsideDown UIInterfaceOrientationLandscapeLeft UIInterfaceOrientationLandscapeRight";
				INFOPLIST_KEY_UISupportedInterfaceOrientations_iPhone = "UIInterfaceOrientationPortrait UIInterfaceOrientationLandscapeLeft UIInterfaceOrientationLandscapeRight";
				LD_RUNPATH_SEARCH_PATHS = (
					"$(inherited)",
					"@executable_path/Frameworks",
				);
				MARKETING_VERSION = 1.0;
				PRODUCT_BUNDLE_IDENTIFIER = cobugi.BookReview;
				PRODUCT_NAME = "$(TARGET_NAME)";
				SWIFT_EMIT_LOC_STRINGS = YES;
				SWIFT_VERSION = 5.0;
				TARGETED_DEVICE_FAMILY = "1,2";
			};
			name = Debug;
		};
		6B6576EE277C9BB600C9EB93 /* Release */ = {
			isa = XCBuildConfiguration;
			buildSettings = {
				ASSETCATALOG_COMPILER_APPICON_NAME = AppIcon;
				ASSETCATALOG_COMPILER_GLOBAL_ACCENT_COLOR_NAME = AccentColor;
				CODE_SIGN_STYLE = Automatic;
				CURRENT_PROJECT_VERSION = 1;
				DEVELOPMENT_TEAM = 2AW97C2N86;
				GENERATE_INFOPLIST_FILE = YES;
				INFOPLIST_FILE = BookReview/Info.plist;
				INFOPLIST_KEY_UIApplicationSupportsIndirectInputEvents = YES;
				INFOPLIST_KEY_UILaunchStoryboardName = LaunchScreen;
				INFOPLIST_KEY_UISupportedInterfaceOrientations_iPad = "UIInterfaceOrientationPortrait UIInterfaceOrientationPortraitUpsideDown UIInterfaceOrientationLandscapeLeft UIInterfaceOrientationLandscapeRight";
				INFOPLIST_KEY_UISupportedInterfaceOrientations_iPhone = "UIInterfaceOrientationPortrait UIInterfaceOrientationLandscapeLeft UIInterfaceOrientationLandscapeRight";
				LD_RUNPATH_SEARCH_PATHS = (
					"$(inherited)",
					"@executable_path/Frameworks",
				);
				MARKETING_VERSION = 1.0;
				PRODUCT_BUNDLE_IDENTIFIER = cobugi.BookReview;
				PRODUCT_NAME = "$(TARGET_NAME)";
				SWIFT_EMIT_LOC_STRINGS = YES;
				SWIFT_VERSION = 5.0;
				TARGETED_DEVICE_FAMILY = "1,2";
			};
			name = Release;
		};
		6B6576F0277C9BB600C9EB93 /* Debug */ = {
			isa = XCBuildConfiguration;
			buildSettings = {
				ALWAYS_EMBED_SWIFT_STANDARD_LIBRARIES = YES;
				BUNDLE_LOADER = "$(TEST_HOST)";
				CODE_SIGN_STYLE = Automatic;
				CURRENT_PROJECT_VERSION = 1;
				DEVELOPMENT_TEAM = 2AW97C2N86;
				GENERATE_INFOPLIST_FILE = YES;
				IPHONEOS_DEPLOYMENT_TARGET = 15.2;
				MARKETING_VERSION = 1.0;
				PRODUCT_BUNDLE_IDENTIFIER = cobugi.BookReviewTests;
				PRODUCT_NAME = "$(TARGET_NAME)";
				SWIFT_EMIT_LOC_STRINGS = NO;
				SWIFT_VERSION = 5.0;
				TARGETED_DEVICE_FAMILY = "1,2";
				TEST_HOST = "$(BUILT_PRODUCTS_DIR)/BookReview.app/BookReview";
			};
			name = Debug;
		};
		6B6576F1277C9BB600C9EB93 /* Release */ = {
			isa = XCBuildConfiguration;
			buildSettings = {
				ALWAYS_EMBED_SWIFT_STANDARD_LIBRARIES = YES;
				BUNDLE_LOADER = "$(TEST_HOST)";
				CODE_SIGN_STYLE = Automatic;
				CURRENT_PROJECT_VERSION = 1;
				DEVELOPMENT_TEAM = 2AW97C2N86;
				GENERATE_INFOPLIST_FILE = YES;
				IPHONEOS_DEPLOYMENT_TARGET = 15.2;
				MARKETING_VERSION = 1.0;
				PRODUCT_BUNDLE_IDENTIFIER = cobugi.BookReviewTests;
				PRODUCT_NAME = "$(TARGET_NAME)";
				SWIFT_EMIT_LOC_STRINGS = NO;
				SWIFT_VERSION = 5.0;
				TARGETED_DEVICE_FAMILY = "1,2";
				TEST_HOST = "$(BUILT_PRODUCTS_DIR)/BookReview.app/BookReview";
			};
			name = Release;
		};
		6B6576F3277C9BB600C9EB93 /* Debug */ = {
			isa = XCBuildConfiguration;
			buildSettings = {
				ALWAYS_EMBED_SWIFT_STANDARD_LIBRARIES = YES;
				CODE_SIGN_STYLE = Automatic;
				CURRENT_PROJECT_VERSION = 1;
				DEVELOPMENT_TEAM = 2AW97C2N86;
				GENERATE_INFOPLIST_FILE = YES;
				MARKETING_VERSION = 1.0;
				PRODUCT_BUNDLE_IDENTIFIER = cobugi.BookReviewUITests;
				PRODUCT_NAME = "$(TARGET_NAME)";
				SWIFT_EMIT_LOC_STRINGS = NO;
				SWIFT_VERSION = 5.0;
				TARGETED_DEVICE_FAMILY = "1,2";
				TEST_TARGET_NAME = BookReview;
			};
			name = Debug;
		};
		6B6576F4277C9BB600C9EB93 /* Release */ = {
			isa = XCBuildConfiguration;
			buildSettings = {
				ALWAYS_EMBED_SWIFT_STANDARD_LIBRARIES = YES;
				CODE_SIGN_STYLE = Automatic;
				CURRENT_PROJECT_VERSION = 1;
				DEVELOPMENT_TEAM = 2AW97C2N86;
				GENERATE_INFOPLIST_FILE = YES;
				MARKETING_VERSION = 1.0;
				PRODUCT_BUNDLE_IDENTIFIER = cobugi.BookReviewUITests;
				PRODUCT_NAME = "$(TARGET_NAME)";
				SWIFT_EMIT_LOC_STRINGS = NO;
				SWIFT_VERSION = 5.0;
				TARGETED_DEVICE_FAMILY = "1,2";
				TEST_TARGET_NAME = BookReview;
			};
			name = Release;
		};
/* End XCBuildConfiguration section */

/* Begin XCConfigurationList section */
		6B6576BD277C9BB400C9EB93 /* Build configuration list for PBXProject "BookReview" */ = {
			isa = XCConfigurationList;
			buildConfigurations = (
				6B6576EA277C9BB600C9EB93 /* Debug */,
				6B6576EB277C9BB600C9EB93 /* Release */,
			);
			defaultConfigurationIsVisible = 0;
			defaultConfigurationName = Release;
		};
		6B6576EC277C9BB600C9EB93 /* Build configuration list for PBXNativeTarget "BookReview" */ = {
			isa = XCConfigurationList;
			buildConfigurations = (
				6B6576ED277C9BB600C9EB93 /* Debug */,
				6B6576EE277C9BB600C9EB93 /* Release */,
			);
			defaultConfigurationIsVisible = 0;
			defaultConfigurationName = Release;
		};
		6B6576EF277C9BB600C9EB93 /* Build configuration list for PBXNativeTarget "BookReviewTests" */ = {
			isa = XCConfigurationList;
			buildConfigurations = (
				6B6576F0277C9BB600C9EB93 /* Debug */,
				6B6576F1277C9BB600C9EB93 /* Release */,
			);
			defaultConfigurationIsVisible = 0;
			defaultConfigurationName = Release;
		};
		6B6576F2277C9BB600C9EB93 /* Build configuration list for PBXNativeTarget "BookReviewUITests" */ = {
			isa = XCConfigurationList;
			buildConfigurations = (
				6B6576F3277C9BB600C9EB93 /* Debug */,
				6B6576F4277C9BB600C9EB93 /* Release */,
			);
			defaultConfigurationIsVisible = 0;
			defaultConfigurationName = Release;
		};
/* End XCConfigurationList section */

/* Begin XCRemoteSwiftPackageReference section */
		6B6576F5277C9BF400C9EB93 /* XCRemoteSwiftPackageReference "SnapKit" */ = {
			isa = XCRemoteSwiftPackageReference;
			repositoryURL = "https://github.com/SnapKit/SnapKit.git";
			requirement = {
				branch = develop;
				kind = branch;
			};
		};
		6B6576F8277C9BFE00C9EB93 /* XCRemoteSwiftPackageReference "Alamofire" */ = {
			isa = XCRemoteSwiftPackageReference;
			repositoryURL = "https://github.com/Alamofire/Alamofire.git";
			requirement = {
				branch = master;
				kind = branch;
			};
		};
		6B6576FB277C9C0A00C9EB93 /* XCRemoteSwiftPackageReference "Kingfisher" */ = {
			isa = XCRemoteSwiftPackageReference;
			repositoryURL = "https://github.com/onevcat/Kingfisher.git";
			requirement = {
				branch = master;
				kind = branch;
			};
		};
/* End XCRemoteSwiftPackageReference section */

/* Begin XCSwiftPackageProductDependency section */
		6B6576F6277C9BF400C9EB93 /* SnapKit */ = {
			isa = XCSwiftPackageProductDependency;
			package = 6B6576F5277C9BF400C9EB93 /* XCRemoteSwiftPackageReference "SnapKit" */;
			productName = SnapKit;
		};
		6B6576F9277C9BFE00C9EB93 /* Alamofire */ = {
			isa = XCSwiftPackageProductDependency;
			package = 6B6576F8277C9BFE00C9EB93 /* XCRemoteSwiftPackageReference "Alamofire" */;
			productName = Alamofire;
		};
		6B6576FC277C9C0A00C9EB93 /* Kingfisher */ = {
			isa = XCSwiftPackageProductDependency;
			package = 6B6576FB277C9C0A00C9EB93 /* XCRemoteSwiftPackageReference "Kingfisher" */;
			productName = Kingfisher;
		};
/* End XCSwiftPackageProductDependency section */
	};
	rootObject = 6B6576BA277C9BB400C9EB93 /* Project object */;
}
